
Microsoft Visual Studio Solution File, Format Version 12.00
# Visual Studio Version 17
VisualStudioVersion = 17.5.002.0
MinimumVisualStudioVersion = 10.0.40219.1
Project("{9A19103F-16F7-4668-BE54-9A1E7A4F7556}") = "Exercicio1", "Exercicio1.csproj", "{B441E85A-FE07-4CC7-8524-04682AF2F834}"
EndProject
Global
	GlobalSection(SolutionConfigurationPlatforms) = preSolution
		Debug|Any CPU = Debug|Any CPU
		Release|Any CPU = Release|Any CPU
	EndGlobalSection
	GlobalSection(ProjectConfigurationPlatforms) = postSolution
		{B441E85A-FE07-4CC7-8524-04682AF2F834}.Debug|Any CPU.ActiveCfg = Debug|Any CPU
		{B441E85A-FE07-4CC7-8524-04682AF2F834}.Debug|Any CPU.Build.0 = Debug|Any CPU
		{B441E85A-FE07-4CC7-8524-04682AF2F834}.Release|Any CPU.ActiveCfg = Release|Any CPU
		{B441E85A-FE07-4CC7-8524-04682AF2F834}.Release|Any CPU.Build.0 = Release|Any CPU
	EndGlobalSection
	GlobalSection(SolutionProperties) = preSolution
		HideSolutionNode = FALSE
	EndGlobalSection
	GlobalSection(ExtensibilityGlobals) = postSolution
		SolutionGuid = {09387722-86E0-4AA3-AF89-3EE78FC216A6}
	EndGlobalSection
EndGlobal
