
Microsoft Visual Studio Solution File, Format Version 12.00
# Visual Studio Version 17
VisualStudioVersion = 17.5.002.0
MinimumVisualStudioVersion = 10.0.40219.1
Project("{9A19103F-16F7-4668-BE54-9A1E7A4F7556}") = "ex03", "ex03.csproj", "{6BA4B385-68CF-4BC3-A014-AD70C9E25951}"
EndProject
Global
	GlobalSection(SolutionConfigurationPlatforms) = preSolution
		Debug|Any CPU = Debug|Any CPU
		Release|Any CPU = Release|Any CPU
	EndGlobalSection
	GlobalSection(ProjectConfigurationPlatforms) = postSolution
		{6BA4B385-68CF-4BC3-A014-AD70C9E25951}.Debug|Any CPU.ActiveCfg = Debug|Any CPU
		{6BA4B385-68CF-4BC3-A014-AD70C9E25951}.Debug|Any CPU.Build.0 = Debug|Any CPU
		{6BA4B385-68CF-4BC3-A014-AD70C9E25951}.Release|Any CPU.ActiveCfg = Release|Any CPU
		{6BA4B385-68CF-4BC3-A014-AD70C9E25951}.Release|Any CPU.Build.0 = Release|Any CPU
	EndGlobalSection
	GlobalSection(SolutionProperties) = preSolution
		HideSolutionNode = FALSE
	EndGlobalSection
	GlobalSection(ExtensibilityGlobals) = postSolution
		SolutionGuid = {994C2C52-CD13-42F5-A402-3D59F3B22263}
	EndGlobalSection
EndGlobal
