
Microsoft Visual Studio Solution File, Format Version 12.00
# Visual Studio Version 17
VisualStudioVersion = 17.5.002.0
MinimumVisualStudioVersion = 10.0.40219.1
Project("{9A19103F-16F7-4668-BE54-9A1E7A4F7556}") = "ex01", "ex01.csproj", "{A0238E49-5D55-4A51-8C4D-2872DB7397B8}"
EndProject
Global
	GlobalSection(SolutionConfigurationPlatforms) = preSolution
		Debug|Any CPU = Debug|Any CPU
		Release|Any CPU = Release|Any CPU
	EndGlobalSection
	GlobalSection(ProjectConfigurationPlatforms) = postSolution
		{A0238E49-5D55-4A51-8C4D-2872DB7397B8}.Debug|Any CPU.ActiveCfg = Debug|Any CPU
		{A0238E49-5D55-4A51-8C4D-2872DB7397B8}.Debug|Any CPU.Build.0 = Debug|Any CPU
		{A0238E49-5D55-4A51-8C4D-2872DB7397B8}.Release|Any CPU.ActiveCfg = Release|Any CPU
		{A0238E49-5D55-4A51-8C4D-2872DB7397B8}.Release|Any CPU.Build.0 = Release|Any CPU
	EndGlobalSection
	GlobalSection(SolutionProperties) = preSolution
		HideSolutionNode = FALSE
	EndGlobalSection
	GlobalSection(ExtensibilityGlobals) = postSolution
		SolutionGuid = {C0948173-2B22-4BB8-9143-7C3C42EB89C3}
	EndGlobalSection
EndGlobal
